
Microsoft Visual Studio Solution File, Format Version 12.00
# Visual Studio Version 17
VisualStudioVersion = 17.14.37614.0 d17.14
MinimumVisualStudioVersion = 10.0.40219.1
Project("{FAE04EC0-301F-11D3-BF4B-00C04F79EFBC}") = "KsyushaNik-kt-31-23", "KsyushaNik-kt-31-23\KsyushaNik-kt-31-23.csproj", "{6714DA3F-4924-487A-B4BA-14013F1B1139}"
EndProject
Global
	GlobalSection(SolutionConfigurationPlatforms) = preSolution
		Debug|Any CPU = Debug|Any CPU
		Release|Any CPU = Release|Any CPU
	EndGlobalSection
	GlobalSection(ProjectConfigurationPlatforms) = postSolution
		{6714DA3F-4924-487A-B4BA-14013F1B1139}.Debug|Any CPU.ActiveCfg = Debug|Any CPU
		{6714DA3F-4924-487A-B4BA-14013F1B1139}.Debug|Any CPU.Build.0 = Debug|Any CPU
		{6714DA3F-4924-487A-B4BA-14013F1B1139}.Release|Any CPU.ActiveCfg = Release|Any CPU
		{6714DA3F-4924-487A-B4BA-14013F1B1139}.Release|Any CPU.Build.0 = Release|Any CPU
	EndGlobalSection
	GlobalSection(SolutionProperties) = preSolution
		HideSolutionNode = FALSE
	EndGlobalSection
	GlobalSection(ExtensibilityGlobals) = postSolution
		SolutionGuid = {66E34526-1648-4665-9EA4-C3F5DF26E360}
	EndGlobalSection
EndGlobal
